
Microsoft Visual Studio Solution File, Format Version 12.00
# Visual Studio Version 16
VisualStudioVersion = 16.0.29403.142
MinimumVisualStudioVersion = 10.0.40219.1
Project("{FAE04EC0-301F-11D3-BF4B-00C04F79EFBC}") = "ict_sba_1", "ict_sba_1.csproj", "{38BB0208-5549-4909-A43A-6C397ABBF257}"
EndProject
Global
	GlobalSection(SolutionConfigurationPlatforms) = preSolution
		Debug|Any CPU = Debug|Any CPU
		Release|Any CPU = Release|Any CPU
	EndGlobalSection
	GlobalSection(ProjectConfigurationPlatforms) = postSolution
		{38BB0208-5549-4909-A43A-6C397ABBF257}.Debug|Any CPU.ActiveCfg = Debug|Any CPU
		{38BB0208-5549-4909-A43A-6C397ABBF257}.Debug|Any CPU.Build.0 = Debug|Any CPU
		{38BB0208-5549-4909-A43A-6C397ABBF257}.Release|Any CPU.ActiveCfg = Release|Any CPU
		{38BB0208-5549-4909-A43A-6C397ABBF257}.Release|Any CPU.Build.0 = Release|Any CPU
	EndGlobalSection
	GlobalSection(SolutionProperties) = preSolution
		HideSolutionNode = FALSE
	EndGlobalSection
	GlobalSection(ExtensibilityGlobals) = postSolution
		SolutionGuid = {65587A8C-84A0-40AF-9C14-02EF3EAC8053}
	EndGlobalSection
EndGlobal
